
Microsoft Visual Studio Solution File, Format Version 12.00
# Visual Studio Version 17
VisualStudioVersion = 17.0.31717.71
MinimumVisualStudioVersion = 10.0.40219.1
Project("{9A19103F-16F7-4668-BE54-9A1E7A4F7556}") = "LeanPrezzoHarness", "LeanPrezzoHarness\LeanPrezzoHarness.csproj", "{B1DA9409-3DB2-4B39-B88C-DA12CECF0F06}"
EndProject
Project("{9A19103F-16F7-4668-BE54-9A1E7A4F7556}") = "libLeanPrezzo", "libLeanPrezzo\libLeanPrezzo.csproj", "{D06874E9-A4A8-4E77-B59B-523570D10963}"
EndProject
Project("{9A19103F-16F7-4668-BE54-9A1E7A4F7556}") = "LeanPrezzo.Web", "LeanPrezzo.Web\LeanPrezzo.Web.csproj", "{0A984732-F4AC-498E-B7AE-15AF472F0D21}"
EndProject
Project("{9A19103F-16F7-4668-BE54-9A1E7A4F7556}") = "LeanPrezzo.Api", "LeanPrezzo.Api\LeanPrezzo.Api.csproj", "{8082B780-62A0-4E26-82C0-4EE1B0A60CDD}"
EndProject
Project("{FAE04EC0-301F-11D3-BF4B-00C04F79EFBC}") = "LeanPrezzo.Data", "LeanPrezzo.Data\LeanPrezzo.Data.csproj", "{00ECDEB7-52B8-4064-BBA2-795D1226AC4C}"
EndProject
Global
	GlobalSection(SolutionConfigurationPlatforms) = preSolution
		Debug|Any CPU = Debug|Any CPU
		Release|Any CPU = Release|Any CPU
	EndGlobalSection
	GlobalSection(ProjectConfigurationPlatforms) = postSolution
		{B1DA9409-3DB2-4B39-B88C-DA12CECF0F06}.Debug|Any CPU.ActiveCfg = Debug|Any CPU
		{B1DA9409-3DB2-4B39-B88C-DA12CECF0F06}.Debug|Any CPU.Build.0 = Debug|Any CPU
		{B1DA9409-3DB2-4B39-B88C-DA12CECF0F06}.Release|Any CPU.ActiveCfg = Release|Any CPU
		{B1DA9409-3DB2-4B39-B88C-DA12CECF0F06}.Release|Any CPU.Build.0 = Release|Any CPU
		{D06874E9-A4A8-4E77-B59B-523570D10963}.Debug|Any CPU.ActiveCfg = Debug|Any CPU
		{D06874E9-A4A8-4E77-B59B-523570D10963}.Debug|Any CPU.Build.0 = Debug|Any CPU
		{D06874E9-A4A8-4E77-B59B-523570D10963}.Release|Any CPU.ActiveCfg = Release|Any CPU
		{D06874E9-A4A8-4E77-B59B-523570D10963}.Release|Any CPU.Build.0 = Release|Any CPU
		{0A984732-F4AC-498E-B7AE-15AF472F0D21}.Debug|Any CPU.ActiveCfg = Debug|Any CPU
		{0A984732-F4AC-498E-B7AE-15AF472F0D21}.Debug|Any CPU.Build.0 = Debug|Any CPU
		{0A984732-F4AC-498E-B7AE-15AF472F0D21}.Release|Any CPU.ActiveCfg = Release|Any CPU
		{0A984732-F4AC-498E-B7AE-15AF472F0D21}.Release|Any CPU.Build.0 = Release|Any CPU
		{8082B780-62A0-4E26-82C0-4EE1B0A60CDD}.Debug|Any CPU.ActiveCfg = Debug|Any CPU
		{8082B780-62A0-4E26-82C0-4EE1B0A60CDD}.Debug|Any CPU.Build.0 = Debug|Any CPU
		{8082B780-62A0-4E26-82C0-4EE1B0A60CDD}.Release|Any CPU.ActiveCfg = Release|Any CPU
		{8082B780-62A0-4E26-82C0-4EE1B0A60CDD}.Release|Any CPU.Build.0 = Release|Any CPU
		{00ECDEB7-52B8-4064-BBA2-795D1226AC4C}.Debug|Any CPU.ActiveCfg = Debug|Any CPU
		{00ECDEB7-52B8-4064-BBA2-795D1226AC4C}.Debug|Any CPU.Build.0 = Debug|Any CPU
		{00ECDEB7-52B8-4064-BBA2-795D1226AC4C}.Release|Any CPU.ActiveCfg = Release|Any CPU
		{00ECDEB7-52B8-4064-BBA2-795D1226AC4C}.Release|Any CPU.Build.0 = Release|Any CPU
	EndGlobalSection
	GlobalSection(SolutionProperties) = preSolution
		HideSolutionNode = FALSE
	EndGlobalSection
	GlobalSection(ExtensibilityGlobals) = postSolution
		SolutionGuid = {DA9BC2E9-3BD8-40EF-B4F1-AC15BDFF6C1A}
	EndGlobalSection
EndGlobal
